
Microsoft Visual Studio Solution File, Format Version 12.00
# Visual Studio Version 17
VisualStudioVersion = 17.4.33213.308
MinimumVisualStudioVersion = 10.0.40219.1
Project("{8BC9CEB8-8B4A-11D0-8D11-00A0C91BC942}") = "test", "test.vcxproj", "{EC11FC24-97DA-47F5-9733-360BE192293C}"
EndProject
Global
	GlobalSection(SolutionConfigurationPlatforms) = preSolution
		Debug|x64 = Debug|x64
		Debug|x86 = Debug|x86
		Release|x64 = Release|x64
		Release|x86 = Release|x86
	EndGlobalSection
	GlobalSection(ProjectConfigurationPlatforms) = postSolution
		{EC11FC24-97DA-47F5-9733-360BE192293C}.Debug|x64.ActiveCfg = Debug|x64
		{EC11FC24-97DA-47F5-9733-360BE192293C}.Debug|x64.Build.0 = Debug|x64
		{EC11FC24-97DA-47F5-9733-360BE192293C}.Debug|x86.ActiveCfg = Debug|Win32
		{EC11FC24-97DA-47F5-9733-360BE192293C}.Debug|x86.Build.0 = Debug|Win32
		{EC11FC24-97DA-47F5-9733-360BE192293C}.Release|x64.ActiveCfg = Release|x64
		{EC11FC24-97DA-47F5-9733-360BE192293C}.Release|x64.Build.0 = Release|x64
		{EC11FC24-97DA-47F5-9733-360BE192293C}.Release|x86.ActiveCfg = Release|Win32
		{EC11FC24-97DA-47F5-9733-360BE192293C}.Release|x86.Build.0 = Release|Win32
	EndGlobalSection
	GlobalSection(SolutionProperties) = preSolution
		HideSolutionNode = FALSE
	EndGlobalSection
	GlobalSection(ExtensibilityGlobals) = postSolution
		SolutionGuid = {B9A0565B-DCE7-4A86-A1A2-BA2FD08C3CE7}
	EndGlobalSection
EndGlobal
